
Microsoft Visual Studio Solution File, Format Version 12.00
# Visual Studio Version 17
VisualStudioVersion = 17.3.32929.385
MinimumVisualStudioVersion = 10.0.40219.1
Project("{FAE04EC0-301F-11D3-BF4B-00C04F79EFBC}") = "Zad.Dom.3B.cs", "Zad.Dom.3B.cs.csproj", "{1ACE7DD5-4A4E-4FCE-95E7-142D69F58389}"
EndProject
Global
	GlobalSection(SolutionConfigurationPlatforms) = preSolution
		Debug|Any CPU = Debug|Any CPU
		Release|Any CPU = Release|Any CPU
	EndGlobalSection
	GlobalSection(ProjectConfigurationPlatforms) = postSolution
		{1ACE7DD5-4A4E-4FCE-95E7-142D69F58389}.Debug|Any CPU.ActiveCfg = Debug|Any CPU
		{1ACE7DD5-4A4E-4FCE-95E7-142D69F58389}.Debug|Any CPU.Build.0 = Debug|Any CPU
		{1ACE7DD5-4A4E-4FCE-95E7-142D69F58389}.Release|Any CPU.ActiveCfg = Release|Any CPU
		{1ACE7DD5-4A4E-4FCE-95E7-142D69F58389}.Release|Any CPU.Build.0 = Release|Any CPU
	EndGlobalSection
	GlobalSection(SolutionProperties) = preSolution
		HideSolutionNode = FALSE
	EndGlobalSection
	GlobalSection(ExtensibilityGlobals) = postSolution
		SolutionGuid = {84819258-7059-487D-A13E-398FF6F716E3}
	EndGlobalSection
EndGlobal
